github.com/precice/aste v3.3.1-0.20260710102503-4e32a4f942e0+incompatible h1:QA2eF30S8L9AKzBreYhB7udxuB821Zx63ZfG8swLinY=
github.com/precice/aste v3.3.1-0.20260710102503-4e32a4f942e0+incompatible/go.mod h1:EAVXbGcuMa93PBPU0Fvhf1/I1jZWx65fyoXeWTAsMMM=
github.com/precice/calculix-adapter v2.20.3-0.20260805122644-e3b7a6f17a2c+incompatible h1:0MleOt6xLW67XAfVANoSlJU1Fckmyoy0/Eljm+Ty2jo=
github.com/precice/calculix-adapter v2.20.3-0.20260805122644-e3b7a6f17a2c+incompatible/go.mod h1:/9lwEXili+aWDt0ffk34NI9uIQeC6kHurC8n4Eqnnf0=
github.com/precice/code_aster-adapter v0.0.0-20260709195159-6902b69ff0f9 h1:7mrhwlQx9rSMPFQ+aCfCbuelA3qhDWhrtuxkW5oWCfE=
github.com/precice/code_aster-adapter v0.0.0-20260709195159-6902b69ff0f9/go.mod h1:9mtpaThVgf0DaN9ijNGupNaC6M3GRGJzBBCfFiluxhk=
github.com/precice/dealii-adapter v0.0.0-20260803170126-67ae059ade0d h1:pQYH2yIM1VCG2pLhjjOhHmsD2jtXSYuJzt8dU6Z+4oE=
github.com/precice/dealii-adapter v0.0.0-20260803170126-67ae059ade0d/go.mod h1:Txux8IKhPrR8szFZSFrVDrYHBeDKhogDJSa4MSndoDI=
github.com/precice/dumux-adapter v3.0.1-0.20260727083532-7bb2e8d05512+incompatible h1:xmYUqxEWIJ7EwEUivkFpUq5gmMKuPSgiVYRaa3XUiHI=
github.com/precice/dumux-adapter v3.0.1-0.20260727083532-7bb2e8d05512+incompatible/go.mod h1:dTt5UfoJsQ24aj1lzS2+yD4TkNzVeQylsOQBKf47tkM=
github.com/precice/dune-adapter v0.0.0-20260718211704-0723530a3f41 h1:t0lkIdVA7NULl9GkLCXWPiS3GF2UUOLsQ1pzhKLws7M=
github.com/precice/dune-adapter v0.0.0-20260718211704-0723530a3f41/go.mod h1:drY/X4GgUF7tRGZ9+YpUHMh7CoMIz4IfAVWtUrgcMVM=
github.com/precice/fenics-adapter v2.3.1-0.20260803194841-4615720762f4+incompatible h1:ZP4dmDw4x6iPpd40E7tE3QAQuPzsCO1LzTfb6B+QgSo=
github.com/precice/fenics-adapter v2.3.1-0.20260803194841-4615720762f4+incompatible/go.mod h1:ItV/xMwFUt+uAwCAhMfBCWTfixJAZqDEuPgLepoq9AA=
github.com/precice/fenicsx-adapter v1.0.2-0.20260814135432-c1c338be2704 h1:P4+8o1SgFrpbkNRlU8zAd+UMz8xNhkrnt8tAQqwB2yU=
github.com/precice/fenicsx-adapter v1.0.2-0.20260814135432-c1c338be2704/go.mod h1:CRcbNaBGmyNdmCPs7mZCdRp7Y9WL6HnEYAJjrRbhC0s=
github.com/precice/fmi-runner v0.2.2-0.20260718084031-4003d4b47035 h1:ZyOXvc2rEUHWscMuhjJLHmVDdeWY6WfVHB2RCRgM4pM=
github.com/precice/fmi-runner v0.2.2-0.20260718084031-4003d4b47035/go.mod h1:EleqiAITx34dkfFst5qa7R3vEp3zv0+Z+LztNucPNXo=
github.com/precice/micro-manager v0.11.2 h1:XW3XPOgYSZAlRS6LtfYR3nXHQ3TqQ3iU/9rDsMZ72PE=
github.com/precice/micro-manager v0.11.2/go.mod h1:cRbIdTJlfgVxeDIRT0jmbRULBC1eiqR43MdawB8Nazw=
github.com/precice/openfoam-adapter v1.3.2-0.20260819081720-c7e95a8a2cc8 h1:WBIREztDlvzZRiRzuKn04aGCOAcIsqvQsAh9CmRoxXg=
github.com/precice/openfoam-adapter v1.3.2-0.20260819081720-c7e95a8a2cc8/go.mod h1:VkhaDjB9nEvue1yw5V7PO4K21tPpkhI9jPiQ/dF+poo=
github.com/precice/preeco-orga v0.0.0-20260823103239-68cc53b83c75 h1:UNE7izEy8CaEG0i5fZV0d6vZwUhbuqHbfVqK9dIDFZ4=
github.com/precice/preeco-orga v0.0.0-20260823103239-68cc53b83c75/go.mod h1:b+386uJGvHbRXqQArU0XswBG9gfoJ7hiszvbq2NYkUA=
github.com/precice/su2-adapter v0.0.0-20260718101756-fde3106dab59 h1:7cOX7h49zur4oomae+1+P7jJpwsoXDtsDzB8AHDX10E=
github.com/precice/su2-adapter v0.0.0-20260718101756-fde3106dab59/go.mod h1:62uO8/YUwX2R4w9RUlT/4fxWjKEwpEA312UYwvUaQbo=
github.com/precice/tutorials v202104.1.2-0.20260819083151-d4172d9379b5+incompatible h1:4AUt21ylEqAJQppuvzIjEN05mvNbXWunwSty8n/dfjQ=
github.com/precice/tutorials v202104.1.2-0.20260819083151-d4172d9379b5+incompatible/go.mod h1:zILvlNlwVxg3xyjkcc2eOA8H2Z14nuzxuR5e+ctDxuQ=
